
Microsoft Visual Studio Solution File, Format Version 12.00
# Visual Studio Version 16
VisualStudioVersion = 16.0.31410.357
MinimumVisualStudioVersion = 10.0.40219.1
Project("{9A19103F-16F7-4668-BE54-9A1E7A4F7556}") = "WebAppVazio", "WebAppVazio\WebAppVazio.csproj", "{B6DB20CB-72D5-4A0C-8B46-1E856649534F}"
EndProject
Global
	GlobalSection(SolutionConfigurationPlatforms) = preSolution
		Debug|Any CPU = Debug|Any CPU
		Release|Any CPU = Release|Any CPU
	EndGlobalSection
	GlobalSection(ProjectConfigurationPlatforms) = postSolution
		{B6DB20CB-72D5-4A0C-8B46-1E856649534F}.Debug|Any CPU.ActiveCfg = Debug|Any CPU
		{B6DB20CB-72D5-4A0C-8B46-1E856649534F}.Debug|Any CPU.Build.0 = Debug|Any CPU
		{B6DB20CB-72D5-4A0C-8B46-1E856649534F}.Release|Any CPU.ActiveCfg = Release|Any CPU
		{B6DB20CB-72D5-4A0C-8B46-1E856649534F}.Release|Any CPU.Build.0 = Release|Any CPU
	EndGlobalSection
	GlobalSection(SolutionProperties) = preSolution
		HideSolutionNode = FALSE
	EndGlobalSection
	GlobalSection(ExtensibilityGlobals) = postSolution
		SolutionGuid = {6A06ADA1-91DD-46DF-9A1A-E5BDBCBFD22C}
	EndGlobalSection
EndGlobal
